
Microsoft Visual Studio Solution File, Format Version 12.00
# Visual Studio Version 16
VisualStudioVersion = 16.0.30320.27
MinimumVisualStudioVersion = 10.0.40219.1
Project("{9092AA53-FB77-4645-B42D-1CCCA6BD08BD}") = "SearchVUEApp", "SearchVUEApp.njsproj", "{F6050028-C12E-4A99-AED3-43EF29286FDF}"
EndProject
Global
	GlobalSection(SolutionConfigurationPlatforms) = preSolution
		Debug|Any CPU = Debug|Any CPU
		Release|Any CPU = Release|Any CPU
	EndGlobalSection
	GlobalSection(ProjectConfigurationPlatforms) = postSolution
		{F6050028-C12E-4A99-AED3-43EF29286FDF}.Debug|Any CPU.ActiveCfg = Debug|Any CPU
		{F6050028-C12E-4A99-AED3-43EF29286FDF}.Debug|Any CPU.Build.0 = Debug|Any CPU
		{F6050028-C12E-4A99-AED3-43EF29286FDF}.Release|Any CPU.ActiveCfg = Release|Any CPU
		{F6050028-C12E-4A99-AED3-43EF29286FDF}.Release|Any CPU.Build.0 = Release|Any CPU
	EndGlobalSection
	GlobalSection(SolutionProperties) = preSolution
		HideSolutionNode = FALSE
	EndGlobalSection
	GlobalSection(ExtensibilityGlobals) = postSolution
		SolutionGuid = {571DEB51-D885-446F-BA51-AE9933C99D06}
	EndGlobalSection
EndGlobal
