
Microsoft Visual Studio Solution File, Format Version 12.00
# Visual Studio Version 16
VisualStudioVersion = 16.0.30320.27
MinimumVisualStudioVersion = 10.0.40219.1
Project("{9A19103F-16F7-4668-BE54-9A1E7A4F7556}") = "SearchTest", "SearchTest\SearchTest.csproj", "{E0BEEE6F-0760-4B57-AEE7-BE1FA73B3A25}"
EndProject
Project("{9A19103F-16F7-4668-BE54-9A1E7A4F7556}") = "MongoDBDataSource", "MongoDBDataSource\MongoDBDataSource.csproj", "{C467AF1B-2751-4307-9FF3-87277A3E91FB}"
EndProject
Project("{9A19103F-16F7-4668-BE54-9A1E7A4F7556}") = "DataSource", "DataSource\DataSource.csproj", "{8ECFFE71-4643-4C74-BE03-033E4B0EB80C}"
EndProject
Global
	GlobalSection(SolutionConfigurationPlatforms) = preSolution
		Debug|Any CPU = Debug|Any CPU
		Release|Any CPU = Release|Any CPU
	EndGlobalSection
	GlobalSection(ProjectConfigurationPlatforms) = postSolution
		{E0BEEE6F-0760-4B57-AEE7-BE1FA73B3A25}.Debug|Any CPU.ActiveCfg = Debug|Any CPU
		{E0BEEE6F-0760-4B57-AEE7-BE1FA73B3A25}.Debug|Any CPU.Build.0 = Debug|Any CPU
		{E0BEEE6F-0760-4B57-AEE7-BE1FA73B3A25}.Release|Any CPU.ActiveCfg = Release|Any CPU
		{E0BEEE6F-0760-4B57-AEE7-BE1FA73B3A25}.Release|Any CPU.Build.0 = Release|Any CPU
		{C467AF1B-2751-4307-9FF3-87277A3E91FB}.Debug|Any CPU.ActiveCfg = Debug|Any CPU
		{C467AF1B-2751-4307-9FF3-87277A3E91FB}.Debug|Any CPU.Build.0 = Debug|Any CPU
		{C467AF1B-2751-4307-9FF3-87277A3E91FB}.Release|Any CPU.ActiveCfg = Release|Any CPU
		{C467AF1B-2751-4307-9FF3-87277A3E91FB}.Release|Any CPU.Build.0 = Release|Any CPU
		{8ECFFE71-4643-4C74-BE03-033E4B0EB80C}.Debug|Any CPU.ActiveCfg = Debug|Any CPU
		{8ECFFE71-4643-4C74-BE03-033E4B0EB80C}.Debug|Any CPU.Build.0 = Debug|Any CPU
		{8ECFFE71-4643-4C74-BE03-033E4B0EB80C}.Release|Any CPU.ActiveCfg = Release|Any CPU
		{8ECFFE71-4643-4C74-BE03-033E4B0EB80C}.Release|Any CPU.Build.0 = Release|Any CPU
	EndGlobalSection
	GlobalSection(SolutionProperties) = preSolution
		HideSolutionNode = FALSE
	EndGlobalSection
	GlobalSection(ExtensibilityGlobals) = postSolution
		SolutionGuid = {BB936CF4-0D60-461F-9B5C-60671E2A7FE1}
	EndGlobalSection
EndGlobal
